{
  "name": "npm_study",
  "version": "1.0.0",
  "lockfileVersion": 2,
  "requires": true,
  "packages": {
    "": {
      "name": "npm_study",
      "version": "1.0.0",
      "license": "ISC",
      "dependencies": {
        "@wangyuncong/array_object_deduplication": "^1.0.0",
        "arr_deduplication": "^1.0.0",
        "uniq": "^1.0.1"
      }
    },
    "node_modules/@wangyuncong/array_object_deduplication": {
      "version": "1.0.0",
      "resolved": "https://registry.npmjs.org/@wangyuncong/array_object_deduplication/-/array_object_deduplication-1.0.0.tgz",
      "integrity": "sha512-yNAWBYU/Bt35xoxaUY9SJJPo7h6hfKcZsCRyN4Ptedv9SMfhEyLQJR7PBbxQ8qxgvOIpd1BEWlMTZJtQO6tOJw=="
    },
    "node_modules/arr_deduplication": {
      "version": "1.0.0",
      "resolved": "https://registry.npmjs.org/arr_deduplication/-/arr_deduplication-1.0.0.tgz",
      "integrity": "sha512-pl6ufgOyZPW+abG+5DFG1kg+r/YrXpdogDTphCYBllhzDYb+7AUMuo8dCT15ylpzndXuNzUguTqojGrbxxJWJg=="
    },
    "node_modules/uniq": {
      "version": "1.0.1",
      "resolved": "https://registry.npmmirror.com/uniq/-/uniq-1.0.1.tgz",
      "integrity": "sha512-Gw+zz50YNKPDKXs+9d+aKAjVwpjNwqzvNpLigIruT4HA9lMZNdMqs9x07kKHB/L9WRzqp4+DlTU5s4wG2esdoA=="
    }
  },
  "dependencies": {
    "@wangyuncong/array_object_deduplication": {
      "version": "1.0.0",
      "resolved": "https://registry.npmjs.org/@wangyuncong/array_object_deduplication/-/array_object_deduplication-1.0.0.tgz",
      "integrity": "sha512-yNAWBYU/Bt35xoxaUY9SJJPo7h6hfKcZsCRyN4Ptedv9SMfhEyLQJR7PBbxQ8qxgvOIpd1BEWlMTZJtQO6tOJw=="
    },
    "arr_deduplication": {
      "version": "1.0.0",
      "resolved": "https://registry.npmjs.org/arr_deduplication/-/arr_deduplication-1.0.0.tgz",
      "integrity": "sha512-pl6ufgOyZPW+abG+5DFG1kg+r/YrXpdogDTphCYBllhzDYb+7AUMuo8dCT15ylpzndXuNzUguTqojGrbxxJWJg=="
    },
    "uniq": {
      "version": "1.0.1",
      "resolved": "https://registry.npmmirror.com/uniq/-/uniq-1.0.1.tgz",
      "integrity": "sha512-Gw+zz50YNKPDKXs+9d+aKAjVwpjNwqzvNpLigIruT4HA9lMZNdMqs9x07kKHB/L9WRzqp4+DlTU5s4wG2esdoA=="
    }
  }
}
